
Microsoft Visual Studio Solution File, Format Version 12.00
# Visual Studio Version 17
VisualStudioVersion = 17.0.31903.59
MinimumVisualStudioVersion = 10.0.40219.1
Project("{2150E333-8FDC-42A3-9474-1A3956D46DE8}") = "src", "src", "{42A7CC2B-6479-4AF2-9498-6B194F6EA96E}"
EndProject
Project("{9A19103F-16F7-4668-BE54-9A1E7A4F7556}") = "Defra.ReMoS.AssuranceService.UI", "src\Defra.ReMoS.AssuranceService.UI\Defra.ReMoS.AssuranceService.UI.csproj", "{85126CFA-3068-4074-9E43-3B2880C4C4E3}"
EndProject
Project("{2150E333-8FDC-42A3-9474-1A3956D46DE8}") = "tests", "tests", "{B59E33B1-C013-4FBB-BB7C-17B27CD350B0}"
EndProject
Project("{9A19103F-16F7-4668-BE54-9A1E7A4F7556}") = "Defra.ReMoS.AssuranceService.UI.UnitTests", "tests\Defra.ReMoS.AssuranceService.UI.UnitTests\Defra.ReMoS.AssuranceService.UI.UnitTests.csproj", "{E06D392E-994F-4F25-AA32-CC835995AA66}"
EndProject
Project("{2150E333-8FDC-42A3-9474-1A3956D46DE8}") = ".azuredevops", ".azuredevops", "{44304A6C-ED3E-46DA-B8D0-9A5802654666}"
	ProjectSection(SolutionItems) = preProject
		pull_request_template.md = pull_request_template.md
	EndProjectSection
EndProject
Project("{2150E333-8FDC-42A3-9474-1A3956D46DE8}") = "pipeline", "pipeline", "{CF3B5854-23CD-4D6F-9427-1E663C5929E5}"
	ProjectSection(SolutionItems) = preProject
		pipeline-ui.yaml = pipeline-ui.yaml
	EndProjectSection
EndProject
Global
	GlobalSection(SolutionConfigurationPlatforms) = preSolution
		Debug|Any CPU = Debug|Any CPU
		Release|Any CPU = Release|Any CPU
	EndGlobalSection
	GlobalSection(ProjectConfigurationPlatforms) = postSolution
		{85126CFA-3068-4074-9E43-3B2880C4C4E3}.Debug|Any CPU.ActiveCfg = Debug|Any CPU
		{85126CFA-3068-4074-9E43-3B2880C4C4E3}.Debug|Any CPU.Build.0 = Debug|Any CPU
		{85126CFA-3068-4074-9E43-3B2880C4C4E3}.Release|Any CPU.ActiveCfg = Release|Any CPU
		{85126CFA-3068-4074-9E43-3B2880C4C4E3}.Release|Any CPU.Build.0 = Release|Any CPU
		{E06D392E-994F-4F25-AA32-CC835995AA66}.Debug|Any CPU.ActiveCfg = Debug|Any CPU
		{E06D392E-994F-4F25-AA32-CC835995AA66}.Debug|Any CPU.Build.0 = Debug|Any CPU
		{E06D392E-994F-4F25-AA32-CC835995AA66}.Release|Any CPU.ActiveCfg = Release|Any CPU
		{E06D392E-994F-4F25-AA32-CC835995AA66}.Release|Any CPU.Build.0 = Release|Any CPU
	EndGlobalSection
	GlobalSection(SolutionProperties) = preSolution
		HideSolutionNode = FALSE
	EndGlobalSection
	GlobalSection(NestedProjects) = preSolution
		{85126CFA-3068-4074-9E43-3B2880C4C4E3} = {42A7CC2B-6479-4AF2-9498-6B194F6EA96E}
		{E06D392E-994F-4F25-AA32-CC835995AA66} = {B59E33B1-C013-4FBB-BB7C-17B27CD350B0}
	EndGlobalSection
	GlobalSection(ExtensibilityGlobals) = postSolution
		SolutionGuid = {E36E832E-682B-46DA-B1FF-F54625E48E5E}
	EndGlobalSection
EndGlobal
